
Microsoft Visual Studio Solution File, Format Version 12.00
# Visual Studio 15
VisualStudioVersion = 15.0.28307.1082
MinimumVisualStudioVersion = 10.0.40219.1
Project("{FAE04EC0-301F-11D3-BF4B-00C04F79EFBC}") = "Hotel", "Hotel\Hotel.csproj", "{F260A3D2-E861-4C82-B1C4-95924AA56012}"
EndProject
Global
	GlobalSection(SolutionConfigurationPlatforms) = preSolution
		Debug|Any CPU = Debug|Any CPU
		Release|Any CPU = Release|Any CPU
	EndGlobalSection
	GlobalSection(ProjectConfigurationPlatforms) = postSolution
		{F260A3D2-E861-4C82-B1C4-95924AA56012}.Debug|Any CPU.ActiveCfg = Debug|Any CPU
		{F260A3D2-E861-4C82-B1C4-95924AA56012}.Debug|Any CPU.Build.0 = Debug|Any CPU
		{F260A3D2-E861-4C82-B1C4-95924AA56012}.Release|Any CPU.ActiveCfg = Release|Any CPU
		{F260A3D2-E861-4C82-B1C4-95924AA56012}.Release|Any CPU.Build.0 = Release|Any CPU
	EndGlobalSection
	GlobalSection(SolutionProperties) = preSolution
		HideSolutionNode = FALSE
	EndGlobalSection
	GlobalSection(ExtensibilityGlobals) = postSolution
		SolutionGuid = {EF075C56-CAC1-44EE-96D6-C0F795A61D83}
	EndGlobalSection
EndGlobal
